// !$*UTF8*$!
{
	archiveVersion = 1;
	classes = {
	};
	objectVersion = 50;
	objects = {

/* Begin PBXBuildFile section */
		0A41C63A250CEC02004CFD98 /* AppDelegate.swift in Sources */ = {isa = PBXBuildFile; fileRef = 0A41C639250CEC02004CFD98 /* AppDelegate.swift */; };
		0A41C63C250CEC02004CFD98 /* SceneDelegate.swift in Sources */ = {isa = PBXBuildFile; fileRef = 0A41C63B250CEC02004CFD98 /* SceneDelegate.swift */; };
		0A41C63E250CEC02004CFD98 /* ViewController.swift in Sources */ = {isa = PBXBuildFile; fileRef = 0A41C63D250CEC02004CFD98 /* ViewController.swift */; };
		0A41C641250CEC02004CFD98 /* Main.storyboard in Resources */ = {isa = PBXBuildFile; fileRef = 0A41C63F250CEC02004CFD98 /* Main.storyboard */; };
		0A41C643250CEC03004CFD98 /* Assets.xcassets in Resources */ = {isa = PBXBuildFile; fileRef = 0A41C642250CEC03004CFD98 /* Assets.xcassets */; };
		0A41C646250CEC03004CFD98 /* LaunchScreen.storyboard in Resources */ = {isa = PBXBuildFile; fileRef = 0A41C644250CEC03004CFD98 /* LaunchScreen.storyboard */; };
		0A41C651250CEC03004CFD98 /* kirikae_testTests.swift in Sources */ = {isa = PBXBuildFile; fileRef = 0A41C650250CEC03004CFD98 /* kirikae_testTests.swift */; };
		0A41C65C250CEC03004CFD98 /* kirikae_testUITests.swift in Sources */ = {isa = PBXBuildFile; fileRef = 0A41C65B250CEC03004CFD98 /* kirikae_testUITests.swift */; };
		0A41C66A250CEC4B004CFD98 /* Tablet.storyboard in Resources */ = {isa = PBXBuildFile; fileRef = 0A41C669250CEC4B004CFD98 /* Tablet.storyboard */; };
/* End PBXBuildFile section */

/* Begin PBXContainerItemProxy section */
		0A41C64D250CEC03004CFD98 /* PBXContainerItemProxy */ = {
			isa = PBXContainerItemProxy;
			containerPortal = 0A41C62E250CEC02004CFD98 /* Project object */;
			proxyType = 1;
			remoteGlobalIDString = 0A41C635250CEC02004CFD98;
			remoteInfo = kirikae_test;
		};
		0A41C658250CEC03004CFD98 /* PBXContainerItemProxy */ = {
			isa = PBXContainerItemProxy;
			containerPortal = 0A41C62E250CEC02004CFD98 /* Project object */;
			proxyType = 1;
			remoteGlobalIDString = 0A41C635250CEC02004CFD98;
			remoteInfo = kirikae_test;
		};
/* End PBXContainerItemProxy section */

/* Begin PBXFileReference section */
		0A41C636250CEC02004CFD98 /* kirikae_test.app */ = {isa = PBXFileReference; explicitFileType = wrapper.application; includeInIndex = 0; path = kirikae_test.app; sourceTree = BUILT_PRODUCTS_DIR; };
		0A41C639250CEC02004CFD98 /* AppDelegate.swift */ = {isa = PBXFileReference; lastKnownFileType = sourcecode.swift; path = AppDelegate.swift; sourceTree = "<group>"; };
		0A41C63B250CEC02004CFD98 /* SceneDelegate.swift */ = {isa = PBXFileReference; lastKnownFileType = sourcecode.swift; path = SceneDelegate.swift; sourceTree = "<group>"; };
		0A41C63D250CEC02004CFD98 /* ViewController.swift */ = {isa = PBXFileReference; lastKnownFileType = sourcecode.swift; path = ViewController.swift; sourceTree = "<group>"; };
		0A41C640250CEC02004CFD98 /* Base */ = {isa = PBXFileReference; lastKnownFileType = file.storyboard; name = Base; path = Base.lproj/Main.storyboard; sourceTree = "<group>"; };
		0A41C642250CEC03004CFD98 /* Assets.xcassets */ = {isa = PBXFileReference; lastKnownFileType = folder.assetcatalog; path = Assets.xcassets; sourceTree = "<group>"; };
		0A41C645250CEC03004CFD98 /* Base */ = {isa = PBXFileReference; lastKnownFileType = file.storyboard; name = Base; path = Base.lproj/LaunchScreen.storyboard; sourceTree = "<group>"; };
		0A41C647250CEC03004CFD98 /* Info.plist */ = {isa = PBXFileReference; lastKnownFileType = text.plist.xml; path = Info.plist; sourceTree = "<group>"; };
		0A41C64C250CEC03004CFD98 /* kirikae_testTests.xctest */ = {isa = PBXFileReference; explicitFileType = wrapper.cfbundle; includeInIndex = 0; path = kirikae_testTests.xctest; sourceTree = BUILT_PRODUCTS_DIR; };
		0A41C650250CEC03004CFD98 /* kirikae_testTests.swift */ = {isa = PBXFileReference; lastKnownFileType = sourcecode.swift; path = kirikae_testTests.swift; sourceTree = "<group>"; };
		0A41C652250CEC03004CFD98 /* Info.plist */ = {isa = PBXFileReference; lastKnownFileType = text.plist.xml; path = Info.plist; sourceTree = "<group>"; };
		0A41C657250CEC03004CFD98 /* kirikae_testUITests.xctest */ = {isa = PBXFileReference; explicitFileType = wrapper.cfbundle; includeInIndex = 0; path = kirikae_testUITests.xctest; sourceTree = BUILT_PRODUCTS_DIR; };
		0A41C65B250CEC03004CFD98 /* kirikae_testUITests.swift */ = {isa = PBXFileReference; lastKnownFileType = sourcecode.swift; path = kirikae_testUITests.swift; sourceTree = "<group>"; };
		0A41C65D250CEC03004CFD98 /* Info.plist */ = {isa = PBXFileReference; lastKnownFileType = text.plist.xml; path = Info.plist; sourceTree = "<group>"; };
		0A41C669250CEC4B004CFD98 /* Tablet.storyboard */ = {isa = PBXFileReference; lastKnownFileType = file.storyboard; path = Tablet.storyboard; sourceTree = "<group>"; };
/* End PBXFileReference section */

/* Begin PBXFrameworksBuildPhase section */
		0A41C633250CEC02004CFD98 /* Frameworks */ = {
			isa = PBXFrameworksBuildPhase;
			buildActionMask = 2147483647;
			files = (
			);
			runOnlyForDeploymentPostprocessing = 0;
		};
		0A41C649250CEC03004CFD98 /* Frameworks */ = {
			isa = PBXFrameworksBuildPhase;
			buildActionMask = 2147483647;
			files = (
			);
			runOnlyForDeploymentPostprocessing = 0;
		};
		0A41C654250CEC03004CFD98 /* Frameworks */ = {
			isa = PBXFrameworksBuildPhase;
			buildActionMask = 2147483647;
			files = (
			);
			runOnlyForDeploymentPostprocessing = 0;
		};
/* End PBXFrameworksBuildPhase section */

/* Begin PBXGroup section */
		0A41C62D250CEC02004CFD98 = {
			isa = PBXGroup;
			children = (
				0A41C638250CEC02004CFD98 /* kirikae_test */,
				0A41C64F250CEC03004CFD98 /* kirikae_testTests */,
				0A41C65A250CEC03004CFD98 /* kirikae_testUITests */,
				0A41C637250CEC02004CFD98 /* Products */,
			);
			sourceTree = "<group>";
		};
		0A41C637250CEC02004CFD98 /* Products */ = {
			isa = PBXGroup;
			children = (
				0A41C636250CEC02004CFD98 /* kirikae_test.app */,
				0A41C64C250CEC03004CFD98 /* kirikae_testTests.xctest */,
				0A41C657250CEC03004CFD98 /* kirikae_testUITests.xctest */,
			);
			name = Products;
			sourceTree = "<group>";
		};
		0A41C638250CEC02004CFD98 /* kirikae_test */ = {
			isa = PBXGroup;
			children = (
				0A41C639250CEC02004CFD98 /* AppDelegate.swift */,
				0A41C63B250CEC02004CFD98 /* SceneDelegate.swift */,
				0A41C63D250CEC02004CFD98 /* ViewController.swift */,
				0A41C63F250CEC02004CFD98 /* Main.storyboard */,
				0A41C669250CEC4B004CFD98 /* Tablet.storyboard */,
				0A41C642250CEC03004CFD98 /* Assets.xcassets */,
				0A41C644250CEC03004CFD98 /* LaunchScreen.storyboard */,
				0A41C647250CEC03004CFD98 /* Info.plist */,
			);
			path = kirikae_test;
			sourceTree = "<group>";
		};
		0A41C64F250CEC03004CFD98 /* kirikae_testTests */ = {
			isa = PBXGroup;
			children = (
				0A41C650250CEC03004CFD98 /* kirikae_testTests.swift */,
				0A41C652250CEC03004CFD98 /* Info.plist */,
			);
			path = kirikae_testTests;
			sourceTree = "<group>";
		};
		0A41C65A250CEC03004CFD98 /* kirikae_testUITests */ = {
			isa = PBXGroup;
			children = (
				0A41C65B250CEC03004CFD98 /* kirikae_testUITests.swift */,
				0A41C65D250CEC03004CFD98 /* Info.plist */,
			);
			path = kirikae_testUITests;
			sourceTree = "<group>";
		};
/* End PBXGroup section */

/* Begin PBXNativeTarget section */
		0A41C635250CEC02004CFD98 /* kirikae_test */ = {
			isa = PBXNativeTarget;
			buildConfigurationList = 0A41C660250CEC03004CFD98 /* Build configuration list for PBXNativeTarget "kirikae_test" */;
			buildPhases = (
				0A41C632250CEC02004CFD98 /* Sources */,
				0A41C633250CEC02004CFD98 /* Frameworks */,
				0A41C634250CEC02004CFD98 /* Resources */,
			);
			buildRules = (
			);
			dependencies = (
			);
			name = kirikae_test;
			productName = kirikae_test;
			productReference = 0A41C636250CEC02004CFD98 /* kirikae_test.app */;
			productType = "com.apple.product-type.application";
		};
		0A41C64B250CEC03004CFD98 /* kirikae_testTests */ = {
			isa = PBXNativeTarget;
			buildConfigurationList = 0A41C663250CEC03004CFD98 /* Build configuration list for PBXNativeTarget "kirikae_testTests" */;
			buildPhases = (
				0A41C648250CEC03004CFD98 /* Sources */,
				0A41C649250CEC03004CFD98 /* Frameworks */,
				0A41C64A250CEC03004CFD98 /* Resources */,
			);
			buildRules = (
			);
			dependencies = (
				0A41C64E250CEC03004CFD98 /* PBXTargetDependency */,
			);
			name = kirikae_testTests;
			productName = kirikae_testTests;
			productReference = 0A41C64C250CEC03004CFD98 /* kirikae_testTests.xctest */;
			productType = "com.apple.product-type.bundle.unit-test";
		};
		0A41C656250CEC03004CFD98 /* kirikae_testUITests */ = {
			isa = PBXNativeTarget;
			buildConfigurationList = 0A41C666250CEC03004CFD98 /* Build configuration list for PBXNativeTarget "kirikae_testUITests" */;
			buildPhases = (
				0A41C653250CEC03004CFD98 /* Sources */,
				0A41C654250CEC03004CFD98 /* Frameworks */,
				0A41C655250CEC03004CFD98 /* Resources */,
			);
			buildRules = (
			);
			dependencies = (
				0A41C659250CEC03004CFD98 /* PBXTargetDependency */,
			);
			name = kirikae_testUITests;
			productName = kirikae_testUITests;
			productReference = 0A41C657250CEC03004CFD98 /* kirikae_testUITests.xctest */;
			productType = "com.apple.product-type.bundle.ui-testing";
		};
/* End PBXNativeTarget section */

/* Begin PBXProject section */
		0A41C62E250CEC02004CFD98 /* Project object */ = {
			isa = PBXProject;
			attributes = {
				LastSwiftUpdateCheck = 1170;
				LastUpgradeCheck = 1170;
				ORGANIZATIONNAME = JotaroSugiyama;
				TargetAttributes = {
					0A41C635250CEC02004CFD98 = {
						CreatedOnToolsVersion = 11.7;
					};
					0A41C64B250CEC03004CFD98 = {
						CreatedOnToolsVersion = 11.7;
						TestTargetID = 0A41C635250CEC02004CFD98;
					};
					0A41C656250CEC03004CFD98 = {
						CreatedOnToolsVersion = 11.7;
						TestTargetID = 0A41C635250CEC02004CFD98;
					};
				};
			};
			buildConfigurationList = 0A41C631250CEC02004CFD98 /* Build configuration list for PBXProject "kirikae_test" */;
			compatibilityVersion = "Xcode 9.3";
			developmentRegion = en;
			hasScannedForEncodings = 0;
			knownRegions = (
				en,
				Base,
			);
			mainGroup = 0A41C62D250CEC02004CFD98;
			productRefGroup = 0A41C637250CEC02004CFD98 /* Products */;
			projectDirPath = "";
			projectRoot = "";
			targets = (
				0A41C635250CEC02004CFD98 /* kirikae_test */,
				0A41C64B250CEC03004CFD98 /* kirikae_testTests */,
				0A41C656250CEC03004CFD98 /* kirikae_testUITests */,
			);
		};
/* End PBXProject section */

/* Begin PBXResourcesBuildPhase section */
		0A41C634250CEC02004CFD98 /* Resources */ = {
			isa = PBXResourcesBuildPhase;
			buildActionMask = 2147483647;
			files = (
				0A41C66A250CEC4B004CFD98 /* Tablet.storyboard in Resources */,
				0A41C646250CEC03004CFD98 /* LaunchScreen.storyboard in Resources */,
				0A41C643250CEC03004CFD98 /* Assets.xcassets in Resources */,
				0A41C641250CEC02004CFD98 /* Main.storyboard in Resources */,
			);
			runOnlyForDeploymentPostprocessing = 0;
		};
		0A41C64A250CEC03004CFD98 /* Resources */ = {
			isa = PBXResourcesBuildPhase;
			buildActionMask = 2147483647;
			files = (
			);
			runOnlyForDeploymentPostprocessing = 0;
		};
		0A41C655250CEC03004CFD98 /* Resources */ = {
			isa = PBXResourcesBuildPhase;
			buildActionMask = 2147483647;
			files = (
			);
			runOnlyForDeploymentPostprocessing = 0;
		};
/* End PBXResourcesBuildPhase section */

/* Begin PBXSourcesBuildPhase section */
		0A41C632250CEC02004CFD98 /* Sources */ = {
			isa = PBXSourcesBuildPhase;
			buildActionMask = 2147483647;
			files = (
				0A41C63E250CEC02004CFD98 /* ViewController.swift in Sources */,
				0A41C63A250CEC02004CFD98 /* AppDelegate.swift in Sources */,
				0A41C63C250CEC02004CFD98 /* SceneDelegate.swift in Sources */,
			);
			runOnlyForDeploymentPostprocessing = 0;
		};
		0A41C648250CEC03004CFD98 /* Sources */ = {
			isa = PBXSourcesBuildPhase;
			buildActionMask = 2147483647;
			files = (
				0A41C651250CEC03004CFD98 /* kirikae_testTests.swift in Sources */,
			);
			runOnlyForDeploymentPostprocessing = 0;
		};
		0A41C653250CEC03004CFD98 /* Sources */ = {
			isa = PBXSourcesBuildPhase;
			buildActionMask = 2147483647;
			files = (
				0A41C65C250CEC03004CFD98 /* kirikae_testUITests.swift in Sources */,
			);
			runOnlyForDeploymentPostprocessing = 0;
		};
/* End PBXSourcesBuildPhase section */

/* Begin PBXTargetDependency section */
		0A41C64E250CEC03004CFD98 /* PBXTargetDependency */ = {
			isa = PBXTargetDependency;
			target = 0A41C635250CEC02004CFD98 /* kirikae_test */;
			targetProxy = 0A41C64D250CEC03004CFD98 /* PBXContainerItemProxy */;
		};
		0A41C659250CEC03004CFD98 /* PBXTargetDependency */ = {
			isa = PBXTargetDependency;
			target = 0A41C635250CEC02004CFD98 /* kirikae_test */;
			targetProxy = 0A41C658250CEC03004CFD98 /* PBXContainerItemProxy */;
		};
/* End PBXTargetDependency section */

/* Begin PBXVariantGroup section */
		0A41C63F250CEC02004CFD98 /* Main.storyboard */ = {
			isa = PBXVariantGroup;
			children = (
				0A41C640250CEC02004CFD98 /* Base */,
			);
			name = Main.storyboard;
			sourceTree = "<group>";
		};
		0A41C644250CEC03004CFD98 /* LaunchScreen.storyboard */ = {
			isa = PBXVariantGroup;
			children = (
				0A41C645250CEC03004CFD98 /* Base */,
			);
			name = LaunchScreen.storyboard;
			sourceTree = "<group>";
		};
/* End PBXVariantGroup section */

/* Begin XCBuildConfiguration section */
		0A41C65E250CEC03004CFD98 /* Debug */ = {
			isa = XCBuildConfiguration;
			buildSettings = {
				ALWAYS_SEARCH_USER_PATHS = NO;
				CLANG_ANALYZER_NONNULL = YES;
				CLANG_ANALYZER_NUMBER_OBJECT_CONVERSION = YES_AGGRESSIVE;
				CLANG_CXX_LANGUAGE_STANDARD = "gnu++14";
				CLANG_CXX_LIBRARY = "libc++";
				CLANG_ENABLE_MODULES = YES;
				CLANG_ENABLE_OBJC_ARC = YES;
				CLANG_ENABLE_OBJC_WEAK = YES;
				CLANG_WARN_BLOCK_CAPTURE_AUTORELEASING = YES;
				CLANG_WARN_BOOL_CONVERSION = YES;
				CLANG_WARN_COMMA = YES;
				CLANG_WARN_CONSTANT_CONVERSION = YES;
				CLANG_WARN_DEPRECATED_OBJC_IMPLEMENTATIONS = YES;
				CLANG_WARN_DIRECT_OBJC_ISA_USAGE = YES_ERROR;
				CLANG_WARN_DOCUMENTATION_COMMENTS = YES;
				CLANG_WARN_EMPTY_BODY = YES;
				CLANG_WARN_ENUM_CONVERSION = YES;
				CLANG_WARN_INFINITE_RECURSION = YES;
				CLANG_WARN_INT_CONVERSION = YES;
				CLANG_WARN_NON_LITERAL_NULL_CONVERSION = YES;
				CLANG_WARN_OBJC_IMPLICIT_RETAIN_SELF = YES;
				CLANG_WARN_OBJC_LITERAL_CONVERSION = YES;
				CLANG_WARN_OBJC_ROOT_CLASS = YES_ERROR;
				CLANG_WARN_RANGE_LOOP_ANALYSIS = YES;
				CLANG_WARN_STRICT_PROTOTYPES = YES;
				CLANG_WARN_SUSPICIOUS_MOVE = YES;
				CLANG_WARN_UNGUARDED_AVAILABILITY = YES_AGGRESSIVE;
				CLANG_WARN_UNREACHABLE_CODE = YES;
				CLANG_WARN__DUPLICATE_METHOD_MATCH = YES;
				COPY_PHASE_STRIP = NO;
				DEBUG_INFORMATION_FORMAT = dwarf;
				ENABLE_STRICT_OBJC_MSGSEND = YES;
				ENABLE_TESTABILITY = YES;
				GCC_C_LANGUAGE_STANDARD = gnu11;
				GCC_DYNAMIC_NO_PIC = NO;
				GCC_NO_COMMON_BLOCKS = YES;
				GCC_OPTIMIZATION_LEVEL = 0;
				GCC_PREPROCESSOR_DEFINITIONS = (
					"DEBUG=1",
					"$(inherited)",
				);
				GCC_WARN_64_TO_32_BIT_CONVERSION = YES;
				GCC_WARN_ABOUT_RETURN_TYPE = YES_ERROR;
				GCC_WARN_UNDECLARED_SELECTOR = YES;
				GCC_WARN_UNINITIALIZED_AUTOS = YES_AGGRESSIVE;
				GCC_WARN_UNUSED_FUNCTION = YES;
				GCC_WARN_UNUSED_VARIABLE = YES;
				IPHONEOS_DEPLOYMENT_TARGET = 13.7;
				MTL_ENABLE_DEBUG_INFO = INCLUDE_SOURCE;
				MTL_FAST_MATH = YES;
				ONLY_ACTIVE_ARCH = YES;
				SDKROOT = iphoneos;
				SWIFT_ACTIVE_COMPILATION_CONDITIONS = DEBUG;
				SWIFT_OPTIMIZATION_LEVEL = "-Onone";
			};
			name = Debug;
		};
		0A41C65F250CEC03004CFD98 /* Release */ = {
			isa = XCBuildConfiguration;
			buildSettings = {
				ALWAYS_SEARCH_USER_PATHS = NO;
				CLANG_ANALYZER_NONNULL = YES;
				CLANG_ANALYZER_NUMBER_OBJECT_CONVERSION = YES_AGGRESSIVE;
				CLANG_CXX_LANGUAGE_STANDARD = "gnu++14";
				CLANG_CXX_LIBRARY = "libc++";
				CLANG_ENABLE_MODULES = YES;
				CLANG_ENABLE_OBJC_ARC = YES;
				CLANG_ENABLE_OBJC_WEAK = YES;
				CLANG_WARN_BLOCK_CAPTURE_AUTORELEASING = YES;
				CLANG_WARN_BOOL_CONVERSION = YES;
				CLANG_WARN_COMMA = YES;
				CLANG_WARN_CONSTANT_CONVERSION = YES;
				CLANG_WARN_DEPRECATED_OBJC_IMPLEMENTATIONS = YES;
				CLANG_WARN_DIRECT_OBJC_ISA_USAGE = YES_ERROR;
				CLANG_WARN_DOCUMENTATION_COMMENTS = YES;
				CLANG_WARN_EMPTY_BODY = YES;
				CLANG_WARN_ENUM_CONVERSION = YES;
				CLANG_WARN_INFINITE_RECURSION = YES;
				CLANG_WARN_INT_CONVERSION = YES;
				CLANG_WARN_NON_LITERAL_NULL_CONVERSION = YES;
				CLANG_WARN_OBJC_IMPLICIT_RETAIN_SELF = YES;
				CLANG_WARN_OBJC_LITERAL_CONVERSION = YES;
				CLANG_WARN_OBJC_ROOT_CLASS = YES_ERROR;
				CLANG_WARN_RANGE_LOOP_ANALYSIS = YES;
				CLANG_WARN_STRICT_PROTOTYPES = YES;
				CLANG_WARN_SUSPICIOUS_MOVE = YES;
				CLANG_WARN_UNGUARDED_AVAILABILITY = YES_AGGRESSIVE;
				CLANG_WARN_UNREACHABLE_CODE = YES;
				CLANG_WARN__DUPLICATE_METHOD_MATCH = YES;
				COPY_PHASE_STRIP = NO;
				DEBUG_INFORMATION_FORMAT = "dwarf-with-dsym";
				ENABLE_NS_ASSERTIONS = NO;
				ENABLE_STRICT_OBJC_MSGSEND = YES;
				GCC_C_LANGUAGE_STANDARD = gnu11;
				GCC_NO_COMMON_BLOCKS = YES;
				GCC_WARN_64_TO_32_BIT_CONVERSION = YES;
				GCC_WARN_ABOUT_RETURN_TYPE = YES_ERROR;
				GCC_WARN_UNDECLARED_SELECTOR = YES;
				GCC_WARN_UNINITIALIZED_AUTOS = YES_AGGRESSIVE;
				GCC_WARN_UNUSED_FUNCTION = YES;
				GCC_WARN_UNUSED_VARIABLE = YES;
				IPHONEOS_DEPLOYMENT_TARGET = 13.7;
				MTL_ENABLE_DEBUG_INFO = NO;
				MTL_FAST_MATH = YES;
				SDKROOT = iphoneos;
				SWIFT_COMPILATION_MODE = wholemodule;
				SWIFT_OPTIMIZATION_LEVEL = "-O";
				VALIDATE_PRODUCT = YES;
			};
			name = Release;
		};
		0A41C661250CEC03004CFD98 /* Debug */ = {
			isa = XCBuildConfiguration;
			buildSettings = {
				ASSETCATALOG_COMPILER_APPICON_NAME = AppIcon;
				CODE_SIGN_STYLE = Automatic;
				DEVELOPMENT_TEAM = ZE359G84HY;
				INFOPLIST_FILE = kirikae_test/Info.plist;
				IPHONEOS_DEPLOYMENT_TARGET = 13.0;
				LD_RUNPATH_SEARCH_PATHS = (
					"$(inherited)",
					"@executable_path/Frameworks",
				);
				PRODUCT_BUNDLE_IDENTIFIER = "sugijo.kirikae-test";
				PRODUCT_NAME = "$(TARGET_NAME)";
				SWIFT_VERSION = 5.0;
				TARGETED_DEVICE_FAMILY = "1,2";
			};
			name = Debug;
		};
		0A41C662250CEC03004CFD98 /* Release */ = {
			isa = XCBuildConfiguration;
			buildSettings = {
				ASSETCATALOG_COMPILER_APPICON_NAME = AppIcon;
				CODE_SIGN_STYLE = Automatic;
				DEVELOPMENT_TEAM = ZE359G84HY;
				INFOPLIST_FILE = kirikae_test/Info.plist;
				IPHONEOS_DEPLOYMENT_TARGET = 13.0;
				LD_RUNPATH_SEARCH_PATHS = (
					"$(inherited)",
					"@executable_path/Frameworks",
				);
				PRODUCT_BUNDLE_IDENTIFIER = "sugijo.kirikae-test";
				PRODUCT_NAME = "$(TARGET_NAME)";
				SWIFT_VERSION = 5.0;
				TARGETED_DEVICE_FAMILY = "1,2";
			};
			name = Release;
		};
		0A41C664250CEC03004CFD98 /* Debug */ = {
			isa = XCBuildConfiguration;
			buildSettings = {
				ALWAYS_EMBED_SWIFT_STANDARD_LIBRARIES = YES;
				BUNDLE_LOADER = "$(TEST_HOST)";
				CODE_SIGN_STYLE = Automatic;
				DEVELOPMENT_TEAM = ZE359G84HY;
				INFOPLIST_FILE = kirikae_testTests/Info.plist;
				IPHONEOS_DEPLOYMENT_TARGET = 13.7;
				LD_RUNPATH_SEARCH_PATHS = (
					"$(inherited)",
					"@executable_path/Frameworks",
					"@loader_path/Frameworks",
				);
				PRODUCT_BUNDLE_IDENTIFIER = "sugijo.kirikae-testTests";
				PRODUCT_NAME = "$(TARGET_NAME)";
				SWIFT_VERSION = 5.0;
				TARGETED_DEVICE_FAMILY = "1,2";
				TEST_HOST = "$(BUILT_PRODUCTS_DIR)/kirikae_test.app/kirikae_test";
			};
			name = Debug;
		};
		0A41C665250CEC03004CFD98 /* Release */ = {
			isa = XCBuildConfiguration;
			buildSettings = {
				ALWAYS_EMBED_SWIFT_STANDARD_LIBRARIES = YES;
				BUNDLE_LOADER = "$(TEST_HOST)";
				CODE_SIGN_STYLE = Automatic;
				DEVELOPMENT_TEAM = ZE359G84HY;
				INFOPLIST_FILE = kirikae_testTests/Info.plist;
				IPHONEOS_DEPLOYMENT_TARGET = 13.7;
				LD_RUNPATH_SEARCH_PATHS = (
					"$(inherited)",
					"@executable_path/Frameworks",
					"@loader_path/Frameworks",
				);
				PRODUCT_BUNDLE_IDENTIFIER = "sugijo.kirikae-testTests";
				PRODUCT_NAME = "$(TARGET_NAME)";
				SWIFT_VERSION = 5.0;
				TARGETED_DEVICE_FAMILY = "1,2";
				TEST_HOST = "$(BUILT_PRODUCTS_DIR)/kirikae_test.app/kirikae_test";
			};
			name = Release;
		};
		0A41C667250CEC03004CFD98 /* Debug */ = {
			isa = XCBuildConfiguration;
			buildSettings = {
				ALWAYS_EMBED_SWIFT_STANDARD_LIBRARIES = YES;
				CODE_SIGN_STYLE = Automatic;
				DEVELOPMENT_TEAM = ZE359G84HY;
				INFOPLIST_FILE = kirikae_testUITests/Info.plist;
				LD_RUNPATH_SEARCH_PATHS = (
					"$(inherited)",
					"@executable_path/Frameworks",
					"@loader_path/Frameworks",
				);
				PRODUCT_BUNDLE_IDENTIFIER = "sugijo.kirikae-testUITests";
				PRODUCT_NAME = "$(TARGET_NAME)";
				SWIFT_VERSION = 5.0;
				TARGETED_DEVICE_FAMILY = "1,2";
				TEST_TARGET_NAME = kirikae_test;
			};
			name = Debug;
		};
		0A41C668250CEC03004CFD98 /* Release */ = {
			isa = XCBuildConfiguration;
			buildSettings = {
				ALWAYS_EMBED_SWIFT_STANDARD_LIBRARIES = YES;
				CODE_SIGN_STYLE = Automatic;
				DEVELOPMENT_TEAM = ZE359G84HY;
				INFOPLIST_FILE = kirikae_testUITests/Info.plist;
				LD_RUNPATH_SEARCH_PATHS = (
					"$(inherited)",
					"@executable_path/Frameworks",
					"@loader_path/Frameworks",
				);
				PRODUCT_BUNDLE_IDENTIFIER = "sugijo.kirikae-testUITests";
				PRODUCT_NAME = "$(TARGET_NAME)";
				SWIFT_VERSION = 5.0;
				TARGETED_DEVICE_FAMILY = "1,2";
				TEST_TARGET_NAME = kirikae_test;
			};
			name = Release;
		};
/* End XCBuildConfiguration section */

/* Begin XCConfigurationList section */
		0A41C631250CEC02004CFD98 /* Build configuration list for PBXProject "kirikae_test" */ = {
			isa = XCConfigurationList;
			buildConfigurations = (
				0A41C65E250CEC03004CFD98 /* Debug */,
				0A41C65F250CEC03004CFD98 /* Release */,
			);
			defaultConfigurationIsVisible = 0;
			defaultConfigurationName = Release;
		};
		0A41C660250CEC03004CFD98 /* Build configuration list for PBXNativeTarget "kirikae_test" */ = {
			isa = XCConfigurationList;
			buildConfigurations = (
				0A41C661250CEC03004CFD98 /* Debug */,
				0A41C662250CEC03004CFD98 /* Release */,
			);
			defaultConfigurationIsVisible = 0;
			defaultConfigurationName = Release;
		};
		0A41C663250CEC03004CFD98 /* Build configuration list for PBXNativeTarget "kirikae_testTests" */ = {
			isa = XCConfigurationList;
			buildConfigurations = (
				0A41C664250CEC03004CFD98 /* Debug */,
				0A41C665250CEC03004CFD98 /* Release */,
			);
			defaultConfigurationIsVisible = 0;
			defaultConfigurationName = Release;
		};
		0A41C666250CEC03004CFD98 /* Build configuration list for PBXNativeTarget "kirikae_testUITests" */ = {
			isa = XCConfigurationList;
			buildConfigurations = (
				0A41C667250CEC03004CFD98 /* Debug */,
				0A41C668250CEC03004CFD98 /* Release */,
			);
			defaultConfigurationIsVisible = 0;
			defaultConfigurationName = Release;
		};
/* End XCConfigurationList section */
	};
	rootObject = 0A41C62E250CEC02004CFD98 /* Project object */;
}
